{
  "nodes": {
    "advisory-db": {
      "flake": false,
      "locked": {
        "lastModified": 1785835640,
        "narHash": "sha256-LcPCkdlebKntVyJaPEWnDaRj3fSMltWXGHBrDIdvdAk=",
        "owner": "rustsec",
        "repo": "advisory-db",
        "rev": "6d7aef354b4144c1ede046034adfd00246d3b0c0",
        "type": "github"
      },
      "original": {
        "owner": "rustsec",
        "repo": "advisory-db",
        "type": "github"
      }
    },
    "agenix": {
      "inputs": {
        "darwin": "darwin",
        "home-manager": "home-manager",
        "nixpkgs": [
          "nixpkgs"
        ],
        "systems": "systems"
      },
      "locked": {
        "lastModified": 1770165109,
        "narHash": "sha256-9VnK6Oqai65puVJ4WYtCTvlJeXxMzAp/69HhQuTdl/I=",
        "owner": "ryantm",
        "repo": "agenix",
        "rev": "b027ee29d959fda4b60b57566d64c98a202e0feb",
        "type": "github"
      },
      "original": {
        "owner": "ryantm",
        "repo": "agenix",
        "type": "github"
      }
    },
    "ah": {
      "inputs": {
        "advisory-db": "advisory-db",
        "crane": "crane",
        "flake-parts": "flake-parts",
        "git-hooks-nix": "git-hooks-nix",
        "nixpkgs": "nixpkgs",
        "systems": "systems_2",
        "treefmt-nix": "treefmt-nix"
      },
      "locked": {
        "lastModified": 1786092363,
        "narHash": "sha256-/xbnI5n6ncFf/eURAvcPWXmE0EqqzOOf2qGXAHvmSeU=",
        "owner": "z1-0",
        "repo": "ah.sh",
        "rev": "f360945b2ed63d12a569c18a305baae2d60277ed",
        "type": "github"
      },
      "original": {
        "owner": "z1-0",
        "repo": "ah.sh",
        "type": "github"
      }
    },
    "crane": {
      "locked": {
        "lastModified": 1785782307,
        "narHash": "sha256-MPaRdVkf6zZP5fCPxYCi8Dr4pZzgmXzg8T9nVEbp3Mw=",
        "owner": "ipetkov",
        "repo": "crane",
        "rev": "2c71e194474d13de031d729b729c968ddbe3507f",
        "type": "github"
      },
      "original": {
        "owner": "ipetkov",
        "repo": "crane",
        "type": "github"
      }
    },
    "darwin": {
      "inputs": {
        "nixpkgs": [
          "agenix",
          "nixpkgs"
        ]
      },
      "locked": {
        "lastModified": 1744478979,
        "narHash": "sha256-dyN+teG9G82G+m+PX/aSAagkC+vUv0SgUw3XkPhQodQ=",
        "owner": "lnl7",
        "repo": "nix-darwin",
        "rev": "43975d782b418ebf4969e9ccba82466728c2851b",
        "type": "github"
      },
      "original": {
        "owner": "lnl7",
        "ref": "master",
        "repo": "nix-darwin",
        "type": "github"
      }
    },
    "dms-plugin-registry": {
      "inputs": {
        "nixpkgs": [
          "nixpkgs"
        ]
      },
      "locked": {
        "lastModified": 1786675314,
        "narHash": "sha256-2MT7gUsiLHLp1g93+8LWvolCX5nplQVvCOtRpO75R0E=",
        "owner": "AvengeMedia",
        "repo": "dms-plugin-registry",
        "rev": "1c652c5f5d0b0ff174674e27cc34fe551254b84c",
        "type": "github"
      },
      "original": {
        "owner": "AvengeMedia",
        "repo": "dms-plugin-registry",
        "type": "github"
      }
    },
    "flake-compat": {
      "flake": false,
      "locked": {
        "lastModified": 1767039857,
        "narHash": "sha256-vNpUSpF5Nuw8xvDLj2KCwwksIbjua2LZCqhV1LNRDns=",
        "owner": "NixOS",
        "repo": "flake-compat",
        "rev": "5edf11c44bc78a0d334f6334cdaf7d60d732daab",
        "type": "github"
      },
      "original": {
        "owner": "NixOS",
        "repo": "flake-compat",
        "type": "github"
      }
    },
    "flake-compat_2": {
      "flake": false,
      "locked": {
        "lastModified": 1767039857,
        "narHash": "sha256-vNpUSpF5Nuw8xvDLj2KCwwksIbjua2LZCqhV1LNRDns=",
        "owner": "NixOS",
        "repo": "flake-compat",
        "rev": "5edf11c44bc78a0d334f6334cdaf7d60d732daab",
        "type": "github"
      },
      "original": {
        "owner": "NixOS",
        "repo": "flake-compat",
        "type": "github"
      }
    },
    "flake-parts": {
      "inputs": {
        "nixpkgs-lib": [
          "ah",
          "nixpkgs"
        ]
      },
      "locked": {
        "lastModified": 1785627969,
        "narHash": "sha256-4dtXQk/NMePegK/nWp5NSeuZKLATItOq61lpEvmXqGw=",
        "owner": "hercules-ci",
        "repo": "flake-parts",
        "rev": "427bf4bd9435fdf21321c8cc628c24efc14c0f7a",
        "type": "github"
      },
      "original": {
        "owner": "hercules-ci",
        "repo": "flake-parts",
        "type": "github"
      }
    },
    "flake-parts_2": {
      "inputs": {
        "nixpkgs-lib": [
          "nixpkgs"
        ]
      },
      "locked": {
        "lastModified": 1785627969,
        "narHash": "sha256-4dtXQk/NMePegK/nWp5NSeuZKLATItOq61lpEvmXqGw=",
        "owner": "hercules-ci",
        "repo": "flake-parts",
        "rev": "427bf4bd9435fdf21321c8cc628c24efc14c0f7a",
        "type": "github"
      },
      "original": {
        "owner": "hercules-ci",
        "repo": "flake-parts",
        "type": "github"
      }
    },
    "flake-parts_3": {
      "inputs": {
        "nixpkgs-lib": [
          "nur",
          "nixpkgs"
        ]
      },
      "locked": {
        "lastModified": 1733312601,
        "narHash": "sha256-4pDvzqnegAfRkPwO3wmwBhVi/Sye1mzps0zHWYnP88c=",
        "owner": "hercules-ci",
        "repo": "flake-parts",
        "rev": "205b12d8b7cd4802fbcb8e8ef6a0f1408781a4f9",
        "type": "github"
      },
      "original": {
        "owner": "hercules-ci",
        "repo": "flake-parts",
        "type": "github"
      }
    },
    "git-hooks-nix": {
      "inputs": {
        "flake-compat": "flake-compat",
        "nixpkgs": [
          "ah",
          "nixpkgs"
        ]
      },
      "locked": {
        "lastModified": 1784288435,
        "narHash": "sha256-ReRHaLgr/uVqdD8afFSn+myXIfpHeOhP0yYe0TJqAA8=",
        "owner": "cachix",
        "repo": "git-hooks.nix",
        "rev": "43b3c1ab9d40fb1dbb008f451988a91e375825e9",
        "type": "github"
      },
      "original": {
        "owner": "cachix",
        "repo": "git-hooks.nix",
        "type": "github"
      }
    },
    "git-hooks-nix_2": {
      "inputs": {
        "flake-compat": "flake-compat_2",
        "nixpkgs": [
          "nixpkgs"
        ]
      },
      "locked": {
        "lastModified": 1784288435,
        "narHash": "sha256-ReRHaLgr/uVqdD8afFSn+myXIfpHeOhP0yYe0TJqAA8=",
        "owner": "cachix",
        "repo": "git-hooks.nix",
        "rev": "43b3c1ab9d40fb1dbb008f451988a91e375825e9",
        "type": "github"
      },
      "original": {
        "owner": "cachix",
        "repo": "git-hooks.nix",
        "type": "github"
      }
    },
    "haumea": {
      "inputs": {
        "nixpkgs": [
          "nixpkgs"
        ]
      },
      "locked": {
        "lastModified": 1784987084,
        "narHash": "sha256-YmbTkjX8WV58oTGImAZRYkfnhGpdW2YhYV3vJPVXTRA=",
        "owner": "nix-community",
        "repo": "haumea",
        "rev": "081970c89e6b8702c8af18e8dd32e5c95c90e319",
        "type": "github"
      },
      "original": {
        "owner": "nix-community",
        "repo": "haumea",
        "type": "github"
      }
    },
    "home-manager": {
      "inputs": {
        "nixpkgs": [
          "agenix",
          "nixpkgs"
        ]
      },
      "locked": {
        "lastModified": 1745494811,
        "narHash": "sha256-YZCh2o9Ua1n9uCvrvi5pRxtuVNml8X2a03qIFfRKpFs=",
        "owner": "nix-community",
        "repo": "home-manager",
        "rev": "abfad3d2958c9e6300a883bd443512c55dfeb1be",
        "type": "github"
      },
      "original": {
        "owner": "nix-community",
        "repo": "home-manager",
        "type": "github"
      }
    },
    "home-manager_2": {
      "inputs": {
        "nixpkgs": [
          "nixpkgs"
        ]
      },
      "locked": {
        "lastModified": 1786656209,
        "narHash": "sha256-ybGtuwGKTUCefKYsplzvw4xcCqznto0c7BaiQhgILtA=",
        "owner": "nix-community",
        "repo": "home-manager",
        "rev": "c554d3441f725537854e877519f01cbd60680174",
        "type": "github"
      },
      "original": {
        "owner": "nix-community",
        "repo": "home-manager",
        "type": "github"
      }
    },
    "import-tree": {
      "locked": {
        "lastModified": 1784254960,
        "narHash": "sha256-iI88R3wHz8wTKQb5orvpc51L/Xr64AJyxid/0MKa/b8=",
        "owner": "vic",
        "repo": "import-tree",
        "rev": "4ebb10ae17d5f1ad366e7aef5b92cb8eecf24f69",
        "type": "github"
      },
      "original": {
        "owner": "vic",
        "repo": "import-tree",
        "type": "github"
      }
    },
    "nix-darwin": {
      "inputs": {
        "nixpkgs": [
          "nixpkgs"
        ]
      },
      "locked": {
        "lastModified": 1785389976,
        "narHash": "sha256-0tLW8Ff5yt8AH97jw4ZpFJ0OCJ122zIlgWGDmOfU/VU=",
        "owner": "nix-darwin",
        "repo": "nix-darwin",
        "rev": "15abb8c98f336cd8bd840d71059adebabe60bf04",
        "type": "github"
      },
      "original": {
        "owner": "nix-darwin",
        "repo": "nix-darwin",
        "type": "github"
      }
    },
    "nixos-hardware": {
      "flake": false,
      "locked": {
        "lastModified": 1786528975,
        "narHash": "sha256-8KuasCs+mVQ7WbLONUf/QB7NZeQvovyXRyxAj4nOOzY=",
        "owner": "NixOS",
        "repo": "nixos-hardware",
        "rev": "3e7edd9afe17e45521300e041c65de3015f4a302",
        "type": "github"
      },
      "original": {
        "owner": "NixOS",
        "repo": "nixos-hardware",
        "type": "github"
      }
    },
    "nixos-unified": {
      "locked": {
        "lastModified": 1776963825,
        "narHash": "sha256-h8ohEfNWB6FBHSnCxdWXnPIhseGIg+3+uYPzDxQdAAc=",
        "owner": "srid",
        "repo": "nixos-unified",
        "rev": "d2818c36b8637f9abde16ecf4e81991e43b8529e",
        "type": "github"
      },
      "original": {
        "owner": "srid",
        "repo": "nixos-unified",
        "type": "github"
      }
    },
    "nixpkgs": {
      "locked": {
        "lastModified": 1785747939,
        "narHash": "sha256-D740uKsMbgsfK2oaDenJLLPIZfq7W0/g4KN/Fls8eKs=",
        "owner": "NixOS",
        "repo": "nixpkgs",
        "rev": "104240a772428cc2e20d8fd86c9ddbb886bbaff2",
        "type": "github"
      },
      "original": {
        "owner": "NixOS",
        "ref": "nixpkgs-unstable",
        "repo": "nixpkgs",
        "type": "github"
      }
    },
    "nixpkgs_2": {
      "locked": {
        "lastModified": 1786593342,
        "narHash": "sha256-smTKQXMLLStzc8zJevMCckbk3My7SvbbLmPYZUJJKW4=",
        "owner": "NixOS",
        "repo": "nixpkgs",
        "rev": "6b5e5b7a6631f065bf6908986990b37d845f847f",
        "type": "github"
      },
      "original": {
        "owner": "NixOS",
        "ref": "nixpkgs-unstable",
        "repo": "nixpkgs",
        "type": "github"
      }
    },
    "nur": {
      "inputs": {
        "flake-parts": "flake-parts_3",
        "nixpkgs": [
          "nixpkgs"
        ]
      },
      "locked": {
        "lastModified": 1786712843,
        "narHash": "sha256-sl/XMjY9PhIiaF76ZIJJgxpj706WxPlZuNFqHrgmeKE=",
        "owner": "nix-community",
        "repo": "NUR",
        "rev": "f60b736aa41c9df9baa1106ef180c2b3af30dae5",
        "type": "github"
      },
      "original": {
        "owner": "nix-community",
        "repo": "NUR",
        "type": "github"
      }
    },
    "root": {
      "inputs": {
        "agenix": "agenix",
        "ah": "ah",
        "dms-plugin-registry": "dms-plugin-registry",
        "flake-parts": "flake-parts_2",
        "git-hooks-nix": "git-hooks-nix_2",
        "haumea": "haumea",
        "home-manager": "home-manager_2",
        "import-tree": "import-tree",
        "nix-darwin": "nix-darwin",
        "nixos-hardware": "nixos-hardware",
        "nixos-unified": "nixos-unified",
        "nixpkgs": "nixpkgs_2",
        "nur": "nur",
        "skills": "skills",
        "treefmt-nix": "treefmt-nix_2"
      }
    },
    "skills": {
      "locked": {
        "lastModified": 1786264505,
        "narHash": "sha256-JZ8qhSdFotUAGmyo1FZvW3dyGxpn+3oPVXCZvv2xEiU=",
        "owner": "z1-0",
        "repo": "skills-nix",
        "rev": "eb1ee571fc22e1c2eb4abcd7f7e32ff5bea6fee0",
        "type": "github"
      },
      "original": {
        "owner": "z1-0",
        "repo": "skills-nix",
        "type": "github"
      }
    },
    "systems": {
      "locked": {
        "lastModified": 1681028828,
        "narHash": "sha256-Vy1rq5AaRuLzOxct8nz4T6wlgyUR7zLU309k9mBC768=",
        "owner": "nix-systems",
        "repo": "default",
        "rev": "da67096a3b9bf56a91d16901293e51ba5b49a27e",
        "type": "github"
      },
      "original": {
        "owner": "nix-systems",
        "repo": "default",
        "type": "github"
      }
    },
    "systems_2": {
      "flake": false,
      "locked": {
        "lastModified": 1681028828,
        "narHash": "sha256-Vy1rq5AaRuLzOxct8nz4T6wlgyUR7zLU309k9mBC768=",
        "owner": "nix-systems",
        "repo": "default",
        "rev": "da67096a3b9bf56a91d16901293e51ba5b49a27e",
        "type": "github"
      },
      "original": {
        "owner": "nix-systems",
        "repo": "default",
        "type": "github"
      }
    },
    "treefmt-nix": {
      "inputs": {
        "nixpkgs": [
          "ah",
          "nixpkgs"
        ]
      },
      "locked": {
        "lastModified": 1785360170,
        "narHash": "sha256-XE1lKgQ3eIO3E7zWryqcRsax+mYXod/5RHBn4YaR9YE=",
        "owner": "numtide",
        "repo": "treefmt-nix",
        "rev": "d1187f8bc71fb8aab02395869ec3f5c1920f75c0",
        "type": "github"
      },
      "original": {
        "owner": "numtide",
        "repo": "treefmt-nix",
        "type": "github"
      }
    },
    "treefmt-nix_2": {
      "inputs": {
        "nixpkgs": [
          "nixpkgs"
        ]
      },
      "locked": {
        "lastModified": 1785945821,
        "narHash": "sha256-NLSyTCW4K4ofhNBllt3omPasm6QpralXH1DBZOc91Dw=",
        "owner": "numtide",
        "repo": "treefmt-nix",
        "rev": "ae7910970dddc408fe6ab1c8e4b277bb21d72dc0",
        "type": "github"
      },
      "original": {
        "owner": "numtide",
        "repo": "treefmt-nix",
        "type": "github"
      }
    }
  },
  "root": "root",
  "version": 7
}
